# THIS IS AN AUTOGENERATED FILE. DO NOT EDIT THIS FILE DIRECTLY.
# yarn lockfile v1


"@types/big.js@^6.1.2":
  version "6.1.2"
  resolved "https://registry.yarnpkg.com/@types/big.js/-/big.js-6.1.2.tgz#68a952b629a6aaa2b5855a2f63363d1e77f6dd91"
  integrity sha512-h24JIZ52rvSvi2jkpYDk2yLH99VzZoCJiSfDWwjst7TwJVuXN61XVCUlPCzRl7mxKEMsGf8z42Q+J4TZwU3z2w==

big.js@^6.1.1:
  version "6.1.1"
  resolved "https://registry.yarnpkg.com/big.js/-/big.js-6.1.1.tgz#63b35b19dc9775c94991ee5db7694880655d5537"
  integrity sha512-1vObw81a8ylZO5ePrtMay0n018TcftpTA5HFKDaSuiUDBo8biRBtjIobw60OpwuvrGk+FsxKamqN4cnmj/eXdg==
