# THIS IS AN AUTOGENERATED FILE. DO NOT EDIT THIS FILE DIRECTLY.
# yarn lockfile v1


"@types/big.js@6.1.2", "@types/big.js@^6.1.2":
  version "6.1.2"
  resolved "https://registry.yarnpkg.com/@types/big.js/-/big.js-6.1.2.tgz#68a952b629a6aaa2b5855a2f63363d1e77f6dd91"
  integrity sha512-h24JIZ52rvSvi2jkpYDk2yLH99VzZoCJiSfDWwjst7TwJVuXN61XVCUlPCzRl7mxKEMsGf8z42Q+J4TZwU3z2w==

big.js@6.1.1:
  version "6.1.1"
  resolved "https://registry.yarnpkg.com/big.js/-/big.js-6.1.1.tgz#63b35b19dc9775c94991ee5db7694880655d5537"
  integrity sha512-1vObw81a8ylZO5ePrtMay0n018TcftpTA5HFKDaSuiUDBo8biRBtjIobw60OpwuvrGk+FsxKamqN4cnmj/eXdg==

rxjs@^7.4.0:
  version "7.4.0"
  resolved "https://registry.yarnpkg.com/rxjs/-/rxjs-7.4.0.tgz#a12a44d7eebf016f5ff2441b87f28c9a51cebc68"
  integrity sha512-7SQDi7xeTMCJpqViXh8gL/lebcwlp3d831F05+9B44A4B0WfsEwUQHR64gsH1kvJ+Ep/J9K2+n1hVl1CsGN23w==
  dependencies:
    tslib "~2.1.0"

trading-signals@^3.6.0:
  version "3.6.0"
  resolved "https://registry.yarnpkg.com/trading-signals/-/trading-signals-3.6.0.tgz#dbf2c71fa287e88e4ed55480715d10e78c0c8617"
  integrity sha512-oK1m24Az2dIH4sES+KNAjWzdC8bLV52f2bLZzeScY2SJ0w3ShqjmtLgz9cfzJaP+kY30goLIl7WkTPx87D7vYA==
  dependencies:
    "@types/big.js" "6.1.2"
    big.js "6.1.1"

tslib@~2.1.0:
  version "2.1.0"
  resolved "https://registry.yarnpkg.com/tslib/-/tslib-2.1.0.tgz#da60860f1c2ecaa5703ab7d39bc05b6bf988b97a"
  integrity sha512-hcVC3wYEziELGGmEEXue7D75zbwIIVUMWAVbHItGPx0ziyXxrOMQx4rQEVEV45Ut/1IotuEvwqPopzIOkDMf0A==
