# THIS IS AN AUTOGENERATED FILE. DO NOT EDIT THIS FILE DIRECTLY.
# yarn lockfile v1


big.js@6.2.0:
  version "6.2.0"
  resolved "https://registry.yarnpkg.com/big.js/-/big.js-6.2.0.tgz#39c60822aecb0f34a1d79a90fe9908a0ddf45e1d"
  integrity sha512-paIKvJiAaOYdLt6MfnvxkDo64lTOV257XYJyX3oJnJQocIclUn+48k6ZerH/c5FxWE6DGJu1TKDYis7tqHg9kg==

rxjs-trading-signals@^0.3.3:
  version "0.3.3"
  resolved "https://registry.yarnpkg.com/rxjs-trading-signals/-/rxjs-trading-signals-0.3.3.tgz#c37f84aa1d130b04d710a36b64275bdb73833970"
  integrity sha512-mpZ1TDxvAeF8vHqDnfj/vKN8pcrd06+bQiqzjOe1wjXNgzsCfSSeoswanumiCIuyUbHIzVUmvgLS6yKY7DTGnA==
  dependencies:
    big.js "6.2.0"
    rxjs "7.5.5"

rxjs@7.5.5:
  version "7.5.5"
  resolved "https://registry.yarnpkg.com/rxjs/-/rxjs-7.5.5.tgz#2ebad89af0f560f460ad5cc4213219e1f7dd4e9f"
  integrity sha512-sy+H0pQofO95VDmFLzyaw9xNJU4KTRSwQIGM6+iG3SypAtCiLDzpeG8sJrNCWn2Up9km+KhkvTdbkrdy+yzZdw==
  dependencies:
    tslib "^2.1.0"

tslib@^2.1.0:
  version "2.4.0"
  resolved "https://registry.yarnpkg.com/tslib/-/tslib-2.4.0.tgz#7cecaa7f073ce680a05847aa77be941098f36dc3"
  integrity sha512-d6xOpEDfsi2CZVlPQzGeux8XMwLT9hssAsaPYExaQMuYskwb+x1x7J371tWlbBdWHroy99KnVB6qIkUbs5X3UQ==
