# THIS IS AN AUTOGENERATED FILE. DO NOT EDIT THIS FILE DIRECTLY.
# yarn lockfile v1


"@types/big.js@6.1.1":
  version "6.1.1"
  resolved "https://registry.yarnpkg.com/@types/big.js/-/big.js-6.1.1.tgz#c2be5e81e0cf0c1c31704e3b12f750712f647414"
  integrity sha512-Zns+nT0hj96ie+GDbL5NeHxhL4wNz8QMxCHqBvxgc4x0hhgQ/o92rPwqxvPBhY3ZYnH8TJGw/8oCkjhOy2Rfzw==

big.js@6.1.1, big.js@^6.1.1:
  version "6.1.1"
  resolved "https://registry.yarnpkg.com/big.js/-/big.js-6.1.1.tgz#63b35b19dc9775c94991ee5db7694880655d5537"
  integrity sha512-1vObw81a8ylZO5ePrtMay0n018TcftpTA5HFKDaSuiUDBo8biRBtjIobw60OpwuvrGk+FsxKamqN4cnmj/eXdg==

trading-signals@^2.2.0:
  version "2.3.0"
  resolved "https://registry.yarnpkg.com/trading-signals/-/trading-signals-2.3.0.tgz#b8c00122edea64919502580eaa7a09cf926d2f67"
  integrity sha512-uyRKe9SE6sbJ3v0WNiYXuzGKSkvZXaLvlcv/gCqETP0AZ45v+WFbs626b2sF2Tmn9tQOm/nT7X0VpEqIR7AHNg==
  dependencies:
    "@types/big.js" "6.1.1"
    big.js "6.1.1"
