# THIS IS AN AUTOGENERATED FILE. DO NOT EDIT THIS FILE DIRECTLY.
# yarn lockfile v1


big.js@6.2.0:
  version "6.2.0"
  resolved "https://registry.yarnpkg.com/big.js/-/big.js-6.2.0.tgz#39c60822aecb0f34a1d79a90fe9908a0ddf45e1d"
  integrity sha512-paIKvJiAaOYdLt6MfnvxkDo64lTOV257XYJyX3oJnJQocIclUn+48k6ZerH/c5FxWE6DGJu1TKDYis7tqHg9kg==

rxjs-trading-signals@^0.3.2:
  version "0.3.2"
  resolved "https://registry.yarnpkg.com/rxjs-trading-signals/-/rxjs-trading-signals-0.3.2.tgz#772ca7c2b30b189ab9c12c1598915221d3eeac5b"
  integrity sha512-P4bG+6pS5BNp01FUqxE7hdrChFRtLhwIB9Ma5q69vcNtJAb9nMmkNy6ZnE9Vy1tNqnck1uEvbxZmen0BKa4s5Q==
  dependencies:
    big.js "6.2.0"
    rxjs "7.5.5"

rxjs@7.5.5:
  version "7.5.5"
  resolved "https://registry.yarnpkg.com/rxjs/-/rxjs-7.5.5.tgz#2ebad89af0f560f460ad5cc4213219e1f7dd4e9f"
  integrity sha512-sy+H0pQofO95VDmFLzyaw9xNJU4KTRSwQIGM6+iG3SypAtCiLDzpeG8sJrNCWn2Up9km+KhkvTdbkrdy+yzZdw==
  dependencies:
    tslib "^2.1.0"

tslib@^2.1.0:
  version "2.4.0"
  resolved "https://registry.yarnpkg.com/tslib/-/tslib-2.4.0.tgz#7cecaa7f073ce680a05847aa77be941098f36dc3"
  integrity sha512-d6xOpEDfsi2CZVlPQzGeux8XMwLT9hssAsaPYExaQMuYskwb+x1x7J371tWlbBdWHroy99KnVB6qIkUbs5X3UQ==
